
Microsoft Visual Studio Solution File, Format Version 12.00
# Visual Studio Version 16
VisualStudioVersion = 16.0.29418.71
MinimumVisualStudioVersion = 10.0.40219.1
Project("{F184B08F-C81C-45F6-A57F-5ABD9991F28F}") = "PdfDocumentProcessor", "PdfDocumentProcessor\PdfDocumentProcessor.vbproj", "{F6DB10E3-D8E0-415C-A621-F62435CCA80A}"
EndProject
Global
	GlobalSection(SolutionConfigurationPlatforms) = preSolution
		Debug|Any CPU = Debug|Any CPU
		Release|Any CPU = Release|Any CPU
	EndGlobalSection
	GlobalSection(ProjectConfigurationPlatforms) = postSolution
		{F6DB10E3-D8E0-415C-A621-F62435CCA80A}.Debug|Any CPU.ActiveCfg = Debug|Any CPU
		{F6DB10E3-D8E0-415C-A621-F62435CCA80A}.Debug|Any CPU.Build.0 = Debug|Any CPU
		{F6DB10E3-D8E0-415C-A621-F62435CCA80A}.Release|Any CPU.ActiveCfg = Release|Any CPU
		{F6DB10E3-D8E0-415C-A621-F62435CCA80A}.Release|Any CPU.Build.0 = Release|Any CPU
	EndGlobalSection
	GlobalSection(SolutionProperties) = preSolution
		HideSolutionNode = FALSE
	EndGlobalSection
	GlobalSection(ExtensibilityGlobals) = postSolution
		SolutionGuid = {37406353-4A47-441F-AE8A-FB4A7172794C}
	EndGlobalSection
EndGlobal
